
Microsoft Visual Studio Solution File, Format Version 12.00
# Visual Studio Version 17
VisualStudioVersion = 17.2.32630.192
MinimumVisualStudioVersion = 10.0.40219.1
Project("{8BC9CEB8-8B4A-11D0-8D11-00A0C91BC942}") = "3-2", "3-2\3-2.vcxproj", "{846CEC9D-55C7-43EE-86B0-8F043021B1CA}"
EndProject
Project("{8BC9CEB8-8B4A-11D0-8D11-00A0C91BC942}") = "3-3", "3-3\3-3.vcxproj", "{2152C72A-A9EB-4CF1-BA78-E255AB7F319B}"
EndProject
Project("{8BC9CEB8-8B4A-11D0-8D11-00A0C91BC942}") = "3-4", "3-4\3-4.vcxproj", "{EF3362B4-BF8B-4320-AD13-39F114508149}"
EndProject
Project("{8BC9CEB8-8B4A-11D0-8D11-00A0C91BC942}") = "3-5", "3-5\3-5.vcxproj", "{B0D84C75-94A9-4F7C-B0E1-1CE08247CB7E}"
EndProject
Project("{8BC9CEB8-8B4A-11D0-8D11-00A0C91BC942}") = "3-6", "3-6\3-6.vcxproj", "{0EDBFBA5-3E48-46E8-A027-ED2D84432F86}"
EndProject
Project("{8BC9CEB8-8B4A-11D0-8D11-00A0C91BC942}") = "3-7", "3-7\3-7.vcxproj", "{C88341EC-D336-47EE-BCE5-1CFC46043AEE}"
EndProject
Project("{8BC9CEB8-8B4A-11D0-8D11-00A0C91BC942}") = "3-8", "3-8\3-8.vcxproj", "{8F32D8CC-B725-4CAC-B66E-3D03A1B31FE8}"
EndProject
Project("{8BC9CEB8-8B4A-11D0-8D11-00A0C91BC942}") = "3-9", "3-9\3-9.vcxproj", "{426325BC-997D-413F-B345-5F12BBC57CF1}"
EndProject
Project("{8BC9CEB8-8B4A-11D0-8D11-00A0C91BC942}") = "3-10", "3-10\3-10.vcxproj", "{A8C1C05F-386F-4C84-B362-A1106306BB7C}"
EndProject
Project("{8BC9CEB8-8B4A-11D0-8D11-00A0C91BC942}") = "3-11", "3-11\3-11.vcxproj", "{0C278A92-9C59-43D6-9E9D-FD925AC9E661}"
EndProject
Project("{8BC9CEB8-8B4A-11D0-8D11-00A0C91BC942}") = "3-12", "3-12\3-12.vcxproj", "{18D29378-F229-44EA-AB58-C65AB14DBD3A}"
EndProject
Project("{8BC9CEB8-8B4A-11D0-8D11-00A0C91BC942}") = "3", "3\3.vcxproj", "{81EEE474-B8A6-4841-9D2B-DF497635F602}"
EndProject
Project("{8BC9CEB8-8B4A-11D0-8D11-00A0C91BC942}") = "3-1", "3-1\3-1.vcxproj", "{40DFF65D-CBA2-4429-A5AC-B3FA7C8CECE3}"
EndProject
Global
	GlobalSection(SolutionConfigurationPlatforms) = preSolution
		Debug|x64 = Debug|x64
		Debug|x86 = Debug|x86
		Release|x64 = Release|x64
		Release|x86 = Release|x86
	EndGlobalSection
	GlobalSection(ProjectConfigurationPlatforms) = postSolution
		{846CEC9D-55C7-43EE-86B0-8F043021B1CA}.Debug|x64.ActiveCfg = Debug|x64
		{846CEC9D-55C7-43EE-86B0-8F043021B1CA}.Debug|x64.Build.0 = Debug|x64
		{846CEC9D-55C7-43EE-86B0-8F043021B1CA}.Debug|x86.ActiveCfg = Debug|Win32
		{846CEC9D-55C7-43EE-86B0-8F043021B1CA}.Debug|x86.Build.0 = Debug|Win32
		{846CEC9D-55C7-43EE-86B0-8F043021B1CA}.Release|x64.ActiveCfg = Release|x64
		{846CEC9D-55C7-43EE-86B0-8F043021B1CA}.Release|x64.Build.0 = Release|x64
		{846CEC9D-55C7-43EE-86B0-8F043021B1CA}.Release|x86.ActiveCfg = Release|Win32
		{846CEC9D-55C7-43EE-86B0-8F043021B1CA}.Release|x86.Build.0 = Release|Win32
		{2152C72A-A9EB-4CF1-BA78-E255AB7F319B}.Debug|x64.ActiveCfg = Debug|x64
		{2152C72A-A9EB-4CF1-BA78-E255AB7F319B}.Debug|x64.Build.0 = Debug|x64
		{2152C72A-A9EB-4CF1-BA78-E255AB7F319B}.Debug|x86.ActiveCfg = Debug|Win32
		{2152C72A-A9EB-4CF1-BA78-E255AB7F319B}.Debug|x86.Build.0 = Debug|Win32
		{2152C72A-A9EB-4CF1-BA78-E255AB7F319B}.Release|x64.ActiveCfg = Release|x64
		{2152C72A-A9EB-4CF1-BA78-E255AB7F319B}.Release|x64.Build.0 = Release|x64
		{2152C72A-A9EB-4CF1-BA78-E255AB7F319B}.Release|x86.ActiveCfg = Release|Win32
		{2152C72A-A9EB-4CF1-BA78-E255AB7F319B}.Release|x86.Build.0 = Release|Win32
		{EF3362B4-BF8B-4320-AD13-39F114508149}.Debug|x64.ActiveCfg = Debug|x64
		{EF3362B4-BF8B-4320-AD13-39F114508149}.Debug|x64.Build.0 = Debug|x64
		{EF3362B4-BF8B-4320-AD13-39F114508149}.Debug|x86.ActiveCfg = Debug|Win32
		{EF3362B4-BF8B-4320-AD13-39F114508149}.Debug|x86.Build.0 = Debug|Win32
		{EF3362B4-BF8B-4320-AD13-39F114508149}.Release|x64.ActiveCfg = Release|x64
		{EF3362B4-BF8B-4320-AD13-39F114508149}.Release|x64.Build.0 = Release|x64
		{EF3362B4-BF8B-4320-AD13-39F114508149}.Release|x86.ActiveCfg = Release|Win32
		{EF3362B4-BF8B-4320-AD13-39F114508149}.Release|x86.Build.0 = Release|Win32
		{B0D84C75-94A9-4F7C-B0E1-1CE08247CB7E}.Debug|x64.ActiveCfg = Debug|x64
		{B0D84C75-94A9-4F7C-B0E1-1CE08247CB7E}.Debug|x64.Build.0 = Debug|x64
		{B0D84C75-94A9-4F7C-B0E1-1CE08247CB7E}.Debug|x86.ActiveCfg = Debug|Win32
		{B0D84C75-94A9-4F7C-B0E1-1CE08247CB7E}.Debug|x86.Build.0 = Debug|Win32
		{B0D84C75-94A9-4F7C-B0E1-1CE08247CB7E}.Release|x64.ActiveCfg = Release|x64
		{B0D84C75-94A9-4F7C-B0E1-1CE08247CB7E}.Release|x64.Build.0 = Release|x64
		{B0D84C75-94A9-4F7C-B0E1-1CE08247CB7E}.Release|x86.ActiveCfg = Release|Win32
		{B0D84C75-94A9-4F7C-B0E1-1CE08247CB7E}.Release|x86.Build.0 = Release|Win32
		{0EDBFBA5-3E48-46E8-A027-ED2D84432F86}.Debug|x64.ActiveCfg = Debug|x64
		{0EDBFBA5-3E48-46E8-A027-ED2D84432F86}.Debug|x64.Build.0 = Debug|x64
		{0EDBFBA5-3E48-46E8-A027-ED2D84432F86}.Debug|x86.ActiveCfg = Debug|Win32
		{0EDBFBA5-3E48-46E8-A027-ED2D84432F86}.Debug|x86.Build.0 = Debug|Win32
		{0EDBFBA5-3E48-46E8-A027-ED2D84432F86}.Release|x64.ActiveCfg = Release|x64
		{0EDBFBA5-3E48-46E8-A027-ED2D84432F86}.Release|x64.Build.0 = Release|x64
		{0EDBFBA5-3E48-46E8-A027-ED2D84432F86}.Release|x86.ActiveCfg = Release|Win32
		{0EDBFBA5-3E48-46E8-A027-ED2D84432F86}.Release|x86.Build.0 = Release|Win32
		{C88341EC-D336-47EE-BCE5-1CFC46043AEE}.Debug|x64.ActiveCfg = Debug|x64
		{C88341EC-D336-47EE-BCE5-1CFC46043AEE}.Debug|x64.Build.0 = Debug|x64
		{C88341EC-D336-47EE-BCE5-1CFC46043AEE}.Debug|x86.ActiveCfg = Debug|Win32
		{C88341EC-D336-47EE-BCE5-1CFC46043AEE}.Debug|x86.Build.0 = Debug|Win32
		{C88341EC-D336-47EE-BCE5-1CFC46043AEE}.Release|x64.ActiveCfg = Release|x64
		{C88341EC-D336-47EE-BCE5-1CFC46043AEE}.Release|x64.Build.0 = Release|x64
		{C88341EC-D336-47EE-BCE5-1CFC46043AEE}.Release|x86.ActiveCfg = Release|Win32
		{C88341EC-D336-47EE-BCE5-1CFC46043AEE}.Release|x86.Build.0 = Release|Win32
		{8F32D8CC-B725-4CAC-B66E-3D03A1B31FE8}.Debug|x64.ActiveCfg = Debug|x64
		{8F32D8CC-B725-4CAC-B66E-3D03A1B31FE8}.Debug|x64.Build.0 = Debug|x64
		{8F32D8CC-B725-4CAC-B66E-3D03A1B31FE8}.Debug|x86.ActiveCfg = Debug|Win32
		{8F32D8CC-B725-4CAC-B66E-3D03A1B31FE8}.Debug|x86.Build.0 = Debug|Win32
		{8F32D8CC-B725-4CAC-B66E-3D03A1B31FE8}.Release|x64.ActiveCfg = Release|x64
		{8F32D8CC-B725-4CAC-B66E-3D03A1B31FE8}.Release|x64.Build.0 = Release|x64
		{8F32D8CC-B725-4CAC-B66E-3D03A1B31FE8}.Release|x86.ActiveCfg = Release|Win32
		{8F32D8CC-B725-4CAC-B66E-3D03A1B31FE8}.Release|x86.Build.0 = Release|Win32
		{426325BC-997D-413F-B345-5F12BBC57CF1}.Debug|x64.ActiveCfg = Debug|x64
		{426325BC-997D-413F-B345-5F12BBC57CF1}.Debug|x64.Build.0 = Debug|x64
		{426325BC-997D-413F-B345-5F12BBC57CF1}.Debug|x86.ActiveCfg = Debug|Win32
		{426325BC-997D-413F-B345-5F12BBC57CF1}.Debug|x86.Build.0 = Debug|Win32
		{426325BC-997D-413F-B345-5F12BBC57CF1}.Release|x64.ActiveCfg = Release|x64
		{426325BC-997D-413F-B345-5F12BBC57CF1}.Release|x64.Build.0 = Release|x64
		{426325BC-997D-413F-B345-5F12BBC57CF1}.Release|x86.ActiveCfg = Release|Win32
		{426325BC-997D-413F-B345-5F12BBC57CF1}.Release|x86.Build.0 = Release|Win32
		{A8C1C05F-386F-4C84-B362-A1106306BB7C}.Debug|x64.ActiveCfg = Debug|x64
		{A8C1C05F-386F-4C84-B362-A1106306BB7C}.Debug|x64.Build.0 = Debug|x64
		{A8C1C05F-386F-4C84-B362-A1106306BB7C}.Debug|x86.ActiveCfg = Debug|Win32
		{A8C1C05F-386F-4C84-B362-A1106306BB7C}.Debug|x86.Build.0 = Debug|Win32
		{A8C1C05F-386F-4C84-B362-A1106306BB7C}.Release|x64.ActiveCfg = Release|x64
		{A8C1C05F-386F-4C84-B362-A1106306BB7C}.Release|x64.Build.0 = Release|x64
		{A8C1C05F-386F-4C84-B362-A1106306BB7C}.Release|x86.ActiveCfg = Release|Win32
		{A8C1C05F-386F-4C84-B362-A1106306BB7C}.Release|x86.Build.0 = Release|Win32
		{0C278A92-9C59-43D6-9E9D-FD925AC9E661}.Debug|x64.ActiveCfg = Debug|x64
		{0C278A92-9C59-43D6-9E9D-FD925AC9E661}.Debug|x64.Build.0 = Debug|x64
		{0C278A92-9C59-43D6-9E9D-FD925AC9E661}.Debug|x86.ActiveCfg = Debug|Win32
		{0C278A92-9C59-43D6-9E9D-FD925AC9E661}.Debug|x86.Build.0 = Debug|Win32
		{0C278A92-9C59-43D6-9E9D-FD925AC9E661}.Release|x64.ActiveCfg = Release|x64
		{0C278A92-9C59-43D6-9E9D-FD925AC9E661}.Release|x64.Build.0 = Release|x64
		{0C278A92-9C59-43D6-9E9D-FD925AC9E661}.Release|x86.ActiveCfg = Release|Win32
		{0C278A92-9C59-43D6-9E9D-FD925AC9E661}.Release|x86.Build.0 = Release|Win32
		{18D29378-F229-44EA-AB58-C65AB14DBD3A}.Debug|x64.ActiveCfg = Debug|x64
		{18D29378-F229-44EA-AB58-C65AB14DBD3A}.Debug|x64.Build.0 = Debug|x64
		{18D29378-F229-44EA-AB58-C65AB14DBD3A}.Debug|x86.ActiveCfg = Debug|Win32
		{18D29378-F229-44EA-AB58-C65AB14DBD3A}.Debug|x86.Build.0 = Debug|Win32
		{18D29378-F229-44EA-AB58-C65AB14DBD3A}.Release|x64.ActiveCfg = Release|x64
		{18D29378-F229-44EA-AB58-C65AB14DBD3A}.Release|x64.Build.0 = Release|x64
		{18D29378-F229-44EA-AB58-C65AB14DBD3A}.Release|x86.ActiveCfg = Release|Win32
		{18D29378-F229-44EA-AB58-C65AB14DBD3A}.Release|x86.Build.0 = Release|Win32
		{81EEE474-B8A6-4841-9D2B-DF497635F602}.Debug|x64.ActiveCfg = Debug|x64
		{81EEE474-B8A6-4841-9D2B-DF497635F602}.Debug|x64.Build.0 = Debug|x64
		{81EEE474-B8A6-4841-9D2B-DF497635F602}.Debug|x86.ActiveCfg = Debug|Win32
		{81EEE474-B8A6-4841-9D2B-DF497635F602}.Debug|x86.Build.0 = Debug|Win32
		{81EEE474-B8A6-4841-9D2B-DF497635F602}.Release|x64.ActiveCfg = Release|x64
		{81EEE474-B8A6-4841-9D2B-DF497635F602}.Release|x64.Build.0 = Release|x64
		{81EEE474-B8A6-4841-9D2B-DF497635F602}.Release|x86.ActiveCfg = Release|Win32
		{81EEE474-B8A6-4841-9D2B-DF497635F602}.Release|x86.Build.0 = Release|Win32
		{40DFF65D-CBA2-4429-A5AC-B3FA7C8CECE3}.Debug|x64.ActiveCfg = Debug|x64
		{40DFF65D-CBA2-4429-A5AC-B3FA7C8CECE3}.Debug|x64.Build.0 = Debug|x64
		{40DFF65D-CBA2-4429-A5AC-B3FA7C8CECE3}.Debug|x86.ActiveCfg = Debug|Win32
		{40DFF65D-CBA2-4429-A5AC-B3FA7C8CECE3}.Debug|x86.Build.0 = Debug|Win32
		{40DFF65D-CBA2-4429-A5AC-B3FA7C8CECE3}.Release|x64.ActiveCfg = Release|x64
		{40DFF65D-CBA2-4429-A5AC-B3FA7C8CECE3}.Release|x64.Build.0 = Release|x64
		{40DFF65D-CBA2-4429-A5AC-B3FA7C8CECE3}.Release|x86.ActiveCfg = Release|Win32
		{40DFF65D-CBA2-4429-A5AC-B3FA7C8CECE3}.Release|x86.Build.0 = Release|Win32
	EndGlobalSection
	GlobalSection(SolutionProperties) = preSolution
		HideSolutionNode = FALSE
	EndGlobalSection
	GlobalSection(ExtensibilityGlobals) = postSolution
		SolutionGuid = {4F4F93FC-779E-4A9F-BEE1-D848C806DD70}
	EndGlobalSection
EndGlobal
